// !$*UTF8*$!
{
	archiveVersion = 1;
	classes = {
	};
	objectVersion = 50;
	objects = {

/* Begin PBXBuildFile section */
		140E1EB924A203FC00C086FA /* AppDelegate.swift in Sources */ = {isa = PBXBuildFile; fileRef = 140E1EB824A203FC00C086FA /* AppDelegate.swift */; };
		140E1EBB24A203FC00C086FA /* SceneDelegate.swift in Sources */ = {isa = PBXBuildFile; fileRef = 140E1EBA24A203FC00C086FA /* SceneDelegate.swift */; };
		140E1EBD24A203FC00C086FA /* ViewController.swift in Sources */ = {isa = PBXBuildFile; fileRef = 140E1EBC24A203FC00C086FA /* ViewController.swift */; };
		140E1EC024A203FC00C086FA /* Main.storyboard in Resources */ = {isa = PBXBuildFile; fileRef = 140E1EBE24A203FC00C086FA /* Main.storyboard */; };
		140E1EC224A2040400C086FA /* Assets.xcassets in Resources */ = {isa = PBXBuildFile; fileRef = 140E1EC124A2040400C086FA /* Assets.xcassets */; };
		140E1EC524A2040400C086FA /* LaunchScreen.storyboard in Resources */ = {isa = PBXBuildFile; fileRef = 140E1EC324A2040400C086FA /* LaunchScreen.storyboard */; };
		140E1ECD24A4A07800C086FA /* AboutViewController.swift in Sources */ = {isa = PBXBuildFile; fileRef = 140E1ECC24A4A07800C086FA /* AboutViewController.swift */; };
		140E1ECF24A4ADEA00C086FA /* AuthorViewController.swift in Sources */ = {isa = PBXBuildFile; fileRef = 140E1ECE24A4ADEA00C086FA /* AuthorViewController.swift */; };
		140E1ED424A4CCBE00C086FA /* WebKit.framework in Frameworks */ = {isa = PBXBuildFile; fileRef = 140E1ED324A4CCBE00C086FA /* WebKit.framework */; };
/* End PBXBuildFile section */

/* Begin PBXFileReference section */
		140E1EB524A203FC00C086FA /* Bull'sEye.app */ = {isa = PBXFileReference; explicitFileType = wrapper.application; includeInIndex = 0; path = "Bull'sEye.app"; sourceTree = BUILT_PRODUCTS_DIR; };
		140E1EB824A203FC00C086FA /* AppDelegate.swift */ = {isa = PBXFileReference; lastKnownFileType = sourcecode.swift; path = AppDelegate.swift; sourceTree = "<group>"; };
		140E1EBA24A203FC00C086FA /* SceneDelegate.swift */ = {isa = PBXFileReference; lastKnownFileType = sourcecode.swift; path = SceneDelegate.swift; sourceTree = "<group>"; };
		140E1EBC24A203FC00C086FA /* ViewController.swift */ = {isa = PBXFileReference; lastKnownFileType = sourcecode.swift; path = ViewController.swift; sourceTree = "<group>"; };
		140E1EBF24A203FC00C086FA /* Base */ = {isa = PBXFileReference; lastKnownFileType = file.storyboard; name = Base; path = Base.lproj/Main.storyboard; sourceTree = "<group>"; };
		140E1EC124A2040400C086FA /* Assets.xcassets */ = {isa = PBXFileReference; lastKnownFileType = folder.assetcatalog; path = Assets.xcassets; sourceTree = "<group>"; };
		140E1EC424A2040400C086FA /* Base */ = {isa = PBXFileReference; lastKnownFileType = file.storyboard; name = Base; path = Base.lproj/LaunchScreen.storyboard; sourceTree = "<group>"; };
		140E1EC624A2040400C086FA /* Info.plist */ = {isa = PBXFileReference; lastKnownFileType = text.plist.xml; path = Info.plist; sourceTree = "<group>"; };
		140E1ECC24A4A07800C086FA /* AboutViewController.swift */ = {isa = PBXFileReference; lastKnownFileType = sourcecode.swift; path = AboutViewController.swift; sourceTree = "<group>"; };
		140E1ECE24A4ADEA00C086FA /* AuthorViewController.swift */ = {isa = PBXFileReference; lastKnownFileType = sourcecode.swift; path = AuthorViewController.swift; sourceTree = "<group>"; };
		140E1ED324A4CCBE00C086FA /* WebKit.framework */ = {isa = PBXFileReference; lastKnownFileType = wrapper.framework; name = WebKit.framework; path = System/Library/Frameworks/WebKit.framework; sourceTree = SDKROOT; };
/* End PBXFileReference section */

/* Begin PBXFrameworksBuildPhase section */
		140E1EB224A203FC00C086FA /* Frameworks */ = {
			isa = PBXFrameworksBuildPhase;
			buildActionMask = 2147483647;
			files = (
				140E1ED424A4CCBE00C086FA /* WebKit.framework in Frameworks */,
			);
			runOnlyForDeploymentPostprocessing = 0;
		};
/* End PBXFrameworksBuildPhase section */

/* Begin PBXGroup section */
		140E1EAC24A203FC00C086FA = {
			isa = PBXGroup;
			children = (
				140E1EB724A203FC00C086FA /* Bull'sEye */,
				140E1EB624A203FC00C086FA /* Products */,
				140E1ED224A4CCBD00C086FA /* Frameworks */,
			);
			sourceTree = "<group>";
		};
		140E1EB624A203FC00C086FA /* Products */ = {
			isa = PBXGroup;
			children = (
				140E1EB524A203FC00C086FA /* Bull'sEye.app */,
			);
			name = Products;
			sourceTree = "<group>";
		};
		140E1EB724A203FC00C086FA /* Bull'sEye */ = {
			isa = PBXGroup;
			children = (
				140E1EB824A203FC00C086FA /* AppDelegate.swift */,
				140E1ECE24A4ADEA00C086FA /* AuthorViewController.swift */,
				140E1EBA24A203FC00C086FA /* SceneDelegate.swift */,
				140E1ECC24A4A07800C086FA /* AboutViewController.swift */,
				140E1EBC24A203FC00C086FA /* ViewController.swift */,
				140E1EBE24A203FC00C086FA /* Main.storyboard */,
				140E1EC124A2040400C086FA /* Assets.xcassets */,
				140E1EC324A2040400C086FA /* LaunchScreen.storyboard */,
				140E1EC624A2040400C086FA /* Info.plist */,
			);
			path = "Bull'sEye";
			sourceTree = "<group>";
		};
		140E1ED224A4CCBD00C086FA /* Frameworks */ = {
			isa = PBXGroup;
			children = (
				140E1ED324A4CCBE00C086FA /* WebKit.framework */,
			);
			name = Frameworks;
			sourceTree = "<group>";
		};
/* End PBXGroup section */

/* Begin PBXNativeTarget section */
		140E1EB424A203FC00C086FA /* Bull'sEye */ = {
			isa = PBXNativeTarget;
			buildConfigurationList = 140E1EC924A2040400C086FA /* Build configuration list for PBXNativeTarget "Bull'sEye" */;
			buildPhases = (
				140E1EB124A203FC00C086FA /* Sources */,
				140E1EB224A203FC00C086FA /* Frameworks */,
				140E1EB324A203FC00C086FA /* Resources */,
			);
			buildRules = (
			);
			dependencies = (
			);
			name = "Bull'sEye";
			productName = "Bull'sEye";
			productReference = 140E1EB524A203FC00C086FA /* Bull'sEye.app */;
			productType = "com.apple.product-type.application";
		};
/* End PBXNativeTarget section */

/* Begin PBXProject section */
		140E1EAD24A203FC00C086FA /* Project object */ = {
			isa = PBXProject;
			attributes = {
				LastSwiftUpdateCheck = 1150;
				LastUpgradeCheck = 1150;
				ORGANIZATIONNAME = "Sherin Roy";
				TargetAttributes = {
					140E1EB424A203FC00C086FA = {
						CreatedOnToolsVersion = 11.5;
					};
				};
			};
			buildConfigurationList = 140E1EB024A203FC00C086FA /* Build configuration list for PBXProject "Bull'sEye" */;
			compatibilityVersion = "Xcode 9.3";
			developmentRegion = en;
			hasScannedForEncodings = 0;
			knownRegions = (
				en,
				Base,
			);
			mainGroup = 140E1EAC24A203FC00C086FA;
			productRefGroup = 140E1EB624A203FC00C086FA /* Products */;
			projectDirPath = "";
			projectRoot = "";
			targets = (
				140E1EB424A203FC00C086FA /* Bull'sEye */,
			);
		};
/* End PBXProject section */

/* Begin PBXResourcesBuildPhase section */
		140E1EB324A203FC00C086FA /* Resources */ = {
			isa = PBXResourcesBuildPhase;
			buildActionMask = 2147483647;
			files = (
				140E1EC524A2040400C086FA /* LaunchScreen.storyboard in Resources */,
				140E1EC224A2040400C086FA /* Assets.xcassets in Resources */,
				140E1EC024A203FC00C086FA /* Main.storyboard in Resources */,
			);
			runOnlyForDeploymentPostprocessing = 0;
		};
/* End PBXResourcesBuildPhase section */

/* Begin PBXSourcesBuildPhase section */
		140E1EB124A203FC00C086FA /* Sources */ = {
			isa = PBXSourcesBuildPhase;
			buildActionMask = 2147483647;
			files = (
				140E1EBD24A203FC00C086FA /* ViewController.swift in Sources */,
				140E1ECF24A4ADEA00C086FA /* AuthorViewController.swift in Sources */,
				140E1EB924A203FC00C086FA /* AppDelegate.swift in Sources */,
				140E1ECD24A4A07800C086FA /* AboutViewController.swift in Sources */,
				140E1EBB24A203FC00C086FA /* SceneDelegate.swift in Sources */,
			);
			runOnlyForDeploymentPostprocessing = 0;
		};
/* End PBXSourcesBuildPhase section */

/* Begin PBXVariantGroup section */
		140E1EBE24A203FC00C086FA /* Main.storyboard */ = {
			isa = PBXVariantGroup;
			children = (
				140E1EBF24A203FC00C086FA /* Base */,
			);
			name = Main.storyboard;
			sourceTree = "<group>";
		};
		140E1EC324A2040400C086FA /* LaunchScreen.storyboard */ = {
			isa = PBXVariantGroup;
			children = (
				140E1EC424A2040400C086FA /* Base */,
			);
			name = LaunchScreen.storyboard;
			sourceTree = "<group>";
		};
/* End PBXVariantGroup section */

/* Begin XCBuildConfiguration section */
		140E1EC724A2040400C086FA /* Debug */ = {
			isa = XCBuildConfiguration;
			buildSettings = {
				ALWAYS_SEARCH_USER_PATHS = NO;
				CLANG_ANALYZER_NONNULL = YES;
				CLANG_ANALYZER_NUMBER_OBJECT_CONVERSION = YES_AGGRESSIVE;
				CLANG_CXX_LANGUAGE_STANDARD = "gnu++14";
				CLANG_CXX_LIBRARY = "libc++";
				CLANG_ENABLE_MODULES = YES;
				CLANG_ENABLE_OBJC_ARC = YES;
				CLANG_ENABLE_OBJC_WEAK = YES;
				CLANG_WARN_BLOCK_CAPTURE_AUTORELEASING = YES;
				CLANG_WARN_BOOL_CONVERSION = YES;
				CLANG_WARN_COMMA = YES;
				CLANG_WARN_CONSTANT_CONVERSION = YES;
				CLANG_WARN_DEPRECATED_OBJC_IMPLEMENTATIONS = YES;
				CLANG_WARN_DIRECT_OBJC_ISA_USAGE = YES_ERROR;
				CLANG_WARN_DOCUMENTATION_COMMENTS = YES;
				CLANG_WARN_EMPTY_BODY = YES;
				CLANG_WARN_ENUM_CONVERSION = YES;
				CLANG_WARN_INFINITE_RECURSION = YES;
				CLANG_WARN_INT_CONVERSION = YES;
				CLANG_WARN_NON_LITERAL_NULL_CONVERSION = YES;
				CLANG_WARN_OBJC_IMPLICIT_RETAIN_SELF = YES;
				CLANG_WARN_OBJC_LITERAL_CONVERSION = YES;
				CLANG_WARN_OBJC_ROOT_CLASS = YES_ERROR;
				CLANG_WARN_RANGE_LOOP_ANALYSIS = YES;
				CLANG_WARN_STRICT_PROTOTYPES = YES;
				CLANG_WARN_SUSPICIOUS_MOVE = YES;
				CLANG_WARN_UNGUARDED_AVAILABILITY = YES_AGGRESSIVE;
				CLANG_WARN_UNREACHABLE_CODE = YES;
				CLANG_WARN__DUPLICATE_METHOD_MATCH = YES;
				COPY_PHASE_STRIP = NO;
				DEBUG_INFORMATION_FORMAT = dwarf;
				ENABLE_STRICT_OBJC_MSGSEND = YES;
				ENABLE_TESTABILITY = YES;
				GCC_C_LANGUAGE_STANDARD = gnu11;
				GCC_DYNAMIC_NO_PIC = NO;
				GCC_NO_COMMON_BLOCKS = YES;
				GCC_OPTIMIZATION_LEVEL = 0;
				GCC_PREPROCESSOR_DEFINITIONS = (
					"DEBUG=1",
					"$(inherited)",
				);
				GCC_WARN_64_TO_32_BIT_CONVERSION = YES;
				GCC_WARN_ABOUT_RETURN_TYPE = YES_ERROR;
				GCC_WARN_UNDECLARED_SELECTOR = YES;
				GCC_WARN_UNINITIALIZED_AUTOS = YES_AGGRESSIVE;
				GCC_WARN_UNUSED_FUNCTION = YES;
				GCC_WARN_UNUSED_VARIABLE = YES;
				IPHONEOS_DEPLOYMENT_TARGET = 13.5;
				MTL_ENABLE_DEBUG_INFO = INCLUDE_SOURCE;
				MTL_FAST_MATH = YES;
				ONLY_ACTIVE_ARCH = YES;
				SDKROOT = iphoneos;
				SWIFT_ACTIVE_COMPILATION_CONDITIONS = DEBUG;
				SWIFT_OPTIMIZATION_LEVEL = "-Onone";
			};
			name = Debug;
		};
		140E1EC824A2040400C086FA /* Release */ = {
			isa = XCBuildConfiguration;
			buildSettings = {
				ALWAYS_SEARCH_USER_PATHS = NO;
				CLANG_ANALYZER_NONNULL = YES;
				CLANG_ANALYZER_NUMBER_OBJECT_CONVERSION = YES_AGGRESSIVE;
				CLANG_CXX_LANGUAGE_STANDARD = "gnu++14";
				CLANG_CXX_LIBRARY = "libc++";
				CLANG_ENABLE_MODULES = YES;
				CLANG_ENABLE_OBJC_ARC = YES;
				CLANG_ENABLE_OBJC_WEAK = YES;
				CLANG_WARN_BLOCK_CAPTURE_AUTORELEASING = YES;
				CLANG_WARN_BOOL_CONVERSION = YES;
				CLANG_WARN_COMMA = YES;
				CLANG_WARN_CONSTANT_CONVERSION = YES;
				CLANG_WARN_DEPRECATED_OBJC_IMPLEMENTATIONS = YES;
				CLANG_WARN_DIRECT_OBJC_ISA_USAGE = YES_ERROR;
				CLANG_WARN_DOCUMENTATION_COMMENTS = YES;
				CLANG_WARN_EMPTY_BODY = YES;
				CLANG_WARN_ENUM_CONVERSION = YES;
				CLANG_WARN_INFINITE_RECURSION = YES;
				CLANG_WARN_INT_CONVERSION = YES;
				CLANG_WARN_NON_LITERAL_NULL_CONVERSION = YES;
				CLANG_WARN_OBJC_IMPLICIT_RETAIN_SELF = YES;
				CLANG_WARN_OBJC_LITERAL_CONVERSION = YES;
				CLANG_WARN_OBJC_ROOT_CLASS = YES_ERROR;
				CLANG_WARN_RANGE_LOOP_ANALYSIS = YES;
				CLANG_WARN_STRICT_PROTOTYPES = YES;
				CLANG_WARN_SUSPICIOUS_MOVE = YES;
				CLANG_WARN_UNGUARDED_AVAILABILITY = YES_AGGRESSIVE;
				CLANG_WARN_UNREACHABLE_CODE = YES;
				CLANG_WARN__DUPLICATE_METHOD_MATCH = YES;
				COPY_PHASE_STRIP = NO;
				DEBUG_INFORMATION_FORMAT = "dwarf-with-dsym";
				ENABLE_NS_ASSERTIONS = NO;
				ENABLE_STRICT_OBJC_MSGSEND = YES;
				GCC_C_LANGUAGE_STANDARD = gnu11;
				GCC_NO_COMMON_BLOCKS = YES;
				GCC_WARN_64_TO_32_BIT_CONVERSION = YES;
				GCC_WARN_ABOUT_RETURN_TYPE = YES_ERROR;
				GCC_WARN_UNDECLARED_SELECTOR = YES;
				GCC_WARN_UNINITIALIZED_AUTOS = YES_AGGRESSIVE;
				GCC_WARN_UNUSED_FUNCTION = YES;
				GCC_WARN_UNUSED_VARIABLE = YES;
				IPHONEOS_DEPLOYMENT_TARGET = 13.5;
				MTL_ENABLE_DEBUG_INFO = NO;
				MTL_FAST_MATH = YES;
				SDKROOT = iphoneos;
				SWIFT_COMPILATION_MODE = wholemodule;
				SWIFT_OPTIMIZATION_LEVEL = "-O";
				VALIDATE_PRODUCT = YES;
			};
			name = Release;
		};
		140E1ECA24A2040400C086FA /* Debug */ = {
			isa = XCBuildConfiguration;
			buildSettings = {
				ASSETCATALOG_COMPILER_APPICON_NAME = AppIcon;
				CODE_SIGN_STYLE = Automatic;
				DEVELOPMENT_TEAM = 4XMTJSQ6PQ;
				INFOPLIST_FILE = "Bull'sEye/Info.plist";
				LD_RUNPATH_SEARCH_PATHS = (
					"$(inherited)",
					"@executable_path/Frameworks",
				);
				PRODUCT_BUNDLE_IDENTIFIER = "com.sherinroy.Bull-sEye";
				PRODUCT_NAME = "Bull'sEye";
				SWIFT_VERSION = 5.0;
				TARGETED_DEVICE_FAMILY = "1,2";
			};
			name = Debug;
		};
		140E1ECB24A2040400C086FA /* Release */ = {
			isa = XCBuildConfiguration;
			buildSettings = {
				ASSETCATALOG_COMPILER_APPICON_NAME = AppIcon;
				CODE_SIGN_STYLE = Automatic;
				DEVELOPMENT_TEAM = 4XMTJSQ6PQ;
				INFOPLIST_FILE = "Bull'sEye/Info.plist";
				LD_RUNPATH_SEARCH_PATHS = (
					"$(inherited)",
					"@executable_path/Frameworks",
				);
				PRODUCT_BUNDLE_IDENTIFIER = "com.sherinroy.Bull-sEye";
				PRODUCT_NAME = "Bull'sEye";
				SWIFT_VERSION = 5.0;
				TARGETED_DEVICE_FAMILY = "1,2";
			};
			name = Release;
		};
/* End XCBuildConfiguration section */

/* Begin XCConfigurationList section */
		140E1EB024A203FC00C086FA /* Build configuration list for PBXProject "Bull'sEye" */ = {
			isa = XCConfigurationList;
			buildConfigurations = (
				140E1EC724A2040400C086FA /* Debug */,
				140E1EC824A2040400C086FA /* Release */,
			);
			defaultConfigurationIsVisible = 0;
			defaultConfigurationName = Release;
		};
		140E1EC924A2040400C086FA /* Build configuration list for PBXNativeTarget "Bull'sEye" */ = {
			isa = XCConfigurationList;
			buildConfigurations = (
				140E1ECA24A2040400C086FA /* Debug */,
				140E1ECB24A2040400C086FA /* Release */,
			);
			defaultConfigurationIsVisible = 0;
			defaultConfigurationName = Release;
		};
/* End XCConfigurationList section */
	};
	rootObject = 140E1EAD24A203FC00C086FA /* Project object */;
}
